
Microsoft Visual Studio Solution File, Format Version 12.00
# Visual Studio Version 17
VisualStudioVersion = 17.2.32505.173
MinimumVisualStudioVersion = 10.0.40219.1
Project("{9A19103F-16F7-4668-BE54-9A1E7A4F7556}") = "TunicRandomizer", "TunicRandomizer.csproj", "{04580B8B-E63A-46CB-9E18-EBD461EF0756}"
EndProject
Global
	GlobalSection(SolutionConfigurationPlatforms) = preSolution
		Debug|Any CPU = Debug|Any CPU
		Release|Any CPU = Release|Any CPU
	EndGlobalSection
	GlobalSection(ProjectConfigurationPlatforms) = postSolution
		{04580B8B-E63A-46CB-9E18-EBD461EF0756}.Debug|Any CPU.ActiveCfg = Debug|Any CPU
		{04580B8B-E63A-46CB-9E18-EBD461EF0756}.Debug|Any CPU.Build.0 = Debug|Any CPU
		{04580B8B-E63A-46CB-9E18-EBD461EF0756}.Release|Any CPU.ActiveCfg = Release|Any CPU
		{04580B8B-E63A-46CB-9E18-EBD461EF0756}.Release|Any CPU.Build.0 = Release|Any CPU
	EndGlobalSection
	GlobalSection(SolutionProperties) = preSolution
		HideSolutionNode = FALSE
	EndGlobalSection
	GlobalSection(ExtensibilityGlobals) = postSolution
		SolutionGuid = {611EA2B1-A78E-4B21-A84A-68225D82EBC3}
	EndGlobalSection
EndGlobal
